
Microsoft Visual Studio Solution File, Format Version 12.00
# Visual Studio Version 17
VisualStudioVersion = 17.9.34616.47
MinimumVisualStudioVersion = 10.0.40219.1
Project("{FAE04EC0-301F-11D3-BF4B-00C04F79EFBC}") = "SamsWarehouse", "SamsWarehouse\SamsWarehouse.csproj", "{DE85423C-B1C8-479C-93CA-1F7F77F5E19A}"
EndProject
Global
	GlobalSection(SolutionConfigurationPlatforms) = preSolution
		Debug|Any CPU = Debug|Any CPU
		Release|Any CPU = Release|Any CPU
	EndGlobalSection
	GlobalSection(ProjectConfigurationPlatforms) = postSolution
		{DE85423C-B1C8-479C-93CA-1F7F77F5E19A}.Debug|Any CPU.ActiveCfg = Debug|Any CPU
		{DE85423C-B1C8-479C-93CA-1F7F77F5E19A}.Debug|Any CPU.Build.0 = Debug|Any CPU
		{DE85423C-B1C8-479C-93CA-1F7F77F5E19A}.Release|Any CPU.ActiveCfg = Release|Any CPU
		{DE85423C-B1C8-479C-93CA-1F7F77F5E19A}.Release|Any CPU.Build.0 = Release|Any CPU
	EndGlobalSection
	GlobalSection(SolutionProperties) = preSolution
		HideSolutionNode = FALSE
	EndGlobalSection
	GlobalSection(ExtensibilityGlobals) = postSolution
		SolutionGuid = {FF6E8885-CF9D-41A0-B6FB-844B8EBA80F2}
	EndGlobalSection
EndGlobal
